<?xml version="1.0" encoding="UTF-8" standalone="yes" ?>
<CodeBlocks_project_file>
	<FileVersion major="1" minor="6" />
	<Project>
		<Option title="birds" />
		<Option pch_mode="2" />
		<Option compiler="gcc" />
		<Build>
			<Target title="Debug">
				<Option output="bin/Debug/birds" prefix_auto="1" extension_auto="1" />
				<Option object_output="obj/Debug/" />
				<Option type="1" />
				<Option compiler="gcc" />
				<Compiler>
					<Add option="-g" />
				</Compiler>
			</Target>
			<Target title="Release">
				<Option output="bin/Release/birds" prefix_auto="1" extension_auto="1" />
				<Option object_output="obj/Release/" />
				<Option type="0" />
				<Option compiler="gcc" />
				<Compiler>
					<Add option="-O2" />
				</Compiler>
				<Linker>
					<Add option="-s" />
				</Linker>
			</Target>
		</Build>
		<Compiler>
			<Add option="-Wall" />
			<Add option="-fexceptions" />
		</Compiler>
		<Linker>
			<Add option="-lsfml-graphics" />
			<Add option="-lsfml-window" />
			<Add option="-lsfml-system" />
		</Linker>
		<Unit filename="SHE/include/Manager/AssetManager.hpp" />
		<Unit filename="SHE/include/Manager/Input.hpp" />
		<Unit filename="SHE/include/Manager/InputManager.hpp" />
		<Unit filename="SHE/include/Manager/StateManager.hpp" />
		<Unit filename="SHE/include/Manager/StateMap.hpp" />
		<Unit filename="SHE/include/State/DefaultState.hpp" />
		<Unit filename="SHE/include/State/State.hpp" />
		<Unit filename="SHE/include/Utility/KeyList.hpp" />
		<Unit filename="SHE/src/Manager/AssetManager.cpp" />
		<Unit filename="SHE/src/Manager/InputManager.cpp" />
		<Unit filename="SHE/src/Manager/StateManager.cpp" />
		<Unit filename="include/Game.hpp" />
		<Unit filename="main.cpp" />
		<Unit filename="src/Game.cpp" />
		<Extensions>
			<code_completion />
			<debugger />
		</Extensions>
	</Project>
</CodeBlocks_project_file>
